
Microsoft Visual Studio Solution File, Format Version 12.00
# Visual Studio Version 17
VisualStudioVersion = 17.7.34024.191
MinimumVisualStudioVersion = 10.0.40219.1
Project("{FAE04EC0-301F-11D3-BF4B-00C04F79EFBC}") = "Ex7", "Ex7\Ex7.csproj", "{77053FE7-CAF5-4261-8F2D-050B14B181BD}"
EndProject
Global
	GlobalSection(SolutionConfigurationPlatforms) = preSolution
		Debug|Any CPU = Debug|Any CPU
		Release|Any CPU = Release|Any CPU
	EndGlobalSection
	GlobalSection(ProjectConfigurationPlatforms) = postSolution
		{77053FE7-CAF5-4261-8F2D-050B14B181BD}.Debug|Any CPU.ActiveCfg = Debug|Any CPU
		{77053FE7-CAF5-4261-8F2D-050B14B181BD}.Debug|Any CPU.Build.0 = Debug|Any CPU
		{77053FE7-CAF5-4261-8F2D-050B14B181BD}.Release|Any CPU.ActiveCfg = Release|Any CPU
		{77053FE7-CAF5-4261-8F2D-050B14B181BD}.Release|Any CPU.Build.0 = Release|Any CPU
	EndGlobalSection
	GlobalSection(SolutionProperties) = preSolution
		HideSolutionNode = FALSE
	EndGlobalSection
	GlobalSection(ExtensibilityGlobals) = postSolution
		SolutionGuid = {35C1C2C6-A1F5-47A8-BEA2-D333B5052545}
	EndGlobalSection
EndGlobal
