
Microsoft Visual Studio Solution File, Format Version 12.00
# Visual Studio Version 17
VisualStudioVersion = 17.10.35013.160
MinimumVisualStudioVersion = 10.0.40219.1
Project("{FAE04EC0-301F-11D3-BF4B-00C04F79EFBC}") = "ExercicioFixacao", "ExercicioFixacao\ExercicioFixacao.csproj", "{FAAEE3BE-0E42-467F-BD03-34AFF209148D}"
EndProject
Global
	GlobalSection(SolutionConfigurationPlatforms) = preSolution
		Debug|Any CPU = Debug|Any CPU
		Release|Any CPU = Release|Any CPU
	EndGlobalSection
	GlobalSection(ProjectConfigurationPlatforms) = postSolution
		{FAAEE3BE-0E42-467F-BD03-34AFF209148D}.Debug|Any CPU.ActiveCfg = Debug|Any CPU
		{FAAEE3BE-0E42-467F-BD03-34AFF209148D}.Debug|Any CPU.Build.0 = Debug|Any CPU
		{FAAEE3BE-0E42-467F-BD03-34AFF209148D}.Release|Any CPU.ActiveCfg = Release|Any CPU
		{FAAEE3BE-0E42-467F-BD03-34AFF209148D}.Release|Any CPU.Build.0 = Release|Any CPU
	EndGlobalSection
	GlobalSection(SolutionProperties) = preSolution
		HideSolutionNode = FALSE
	EndGlobalSection
	GlobalSection(ExtensibilityGlobals) = postSolution
		SolutionGuid = {9296A6E6-ACD4-4FCD-A0CB-06C93AEFB2C5}
	EndGlobalSection
EndGlobal
