
Microsoft Visual Studio Solution File, Format Version 12.00
# Visual Studio Version 17
VisualStudioVersion = 17.7.34024.191
MinimumVisualStudioVersion = 10.0.40219.1
Project("{FAE04EC0-301F-11D3-BF4B-00C04F79EFBC}") = "Ex5", "Ex5\Ex5.csproj", "{DD116174-2F7F-41CA-A72D-BCE75B96F66E}"
EndProject
Global
	GlobalSection(SolutionConfigurationPlatforms) = preSolution
		Debug|Any CPU = Debug|Any CPU
		Release|Any CPU = Release|Any CPU
	EndGlobalSection
	GlobalSection(ProjectConfigurationPlatforms) = postSolution
		{DD116174-2F7F-41CA-A72D-BCE75B96F66E}.Debug|Any CPU.ActiveCfg = Debug|Any CPU
		{DD116174-2F7F-41CA-A72D-BCE75B96F66E}.Debug|Any CPU.Build.0 = Debug|Any CPU
		{DD116174-2F7F-41CA-A72D-BCE75B96F66E}.Release|Any CPU.ActiveCfg = Release|Any CPU
		{DD116174-2F7F-41CA-A72D-BCE75B96F66E}.Release|Any CPU.Build.0 = Release|Any CPU
	EndGlobalSection
	GlobalSection(SolutionProperties) = preSolution
		HideSolutionNode = FALSE
	EndGlobalSection
	GlobalSection(ExtensibilityGlobals) = postSolution
		SolutionGuid = {4F7E8973-E69E-46A9-8C3E-79A35278EDF5}
	EndGlobalSection
EndGlobal
