
Microsoft Visual Studio Solution File, Format Version 12.00
# Visual Studio Version 17
VisualStudioVersion = 17.7.34024.191
MinimumVisualStudioVersion = 10.0.40219.1
Project("{FAE04EC0-301F-11D3-BF4B-00C04F79EFBC}") = "Ex2", "Ex2\Ex2.csproj", "{EA363BF7-AB93-443D-8866-678BD98DD2D7}"
EndProject
Global
	GlobalSection(SolutionConfigurationPlatforms) = preSolution
		Debug|Any CPU = Debug|Any CPU
		Release|Any CPU = Release|Any CPU
	EndGlobalSection
	GlobalSection(ProjectConfigurationPlatforms) = postSolution
		{EA363BF7-AB93-443D-8866-678BD98DD2D7}.Debug|Any CPU.ActiveCfg = Debug|Any CPU
		{EA363BF7-AB93-443D-8866-678BD98DD2D7}.Debug|Any CPU.Build.0 = Debug|Any CPU
		{EA363BF7-AB93-443D-8866-678BD98DD2D7}.Release|Any CPU.ActiveCfg = Release|Any CPU
		{EA363BF7-AB93-443D-8866-678BD98DD2D7}.Release|Any CPU.Build.0 = Release|Any CPU
	EndGlobalSection
	GlobalSection(SolutionProperties) = preSolution
		HideSolutionNode = FALSE
	EndGlobalSection
	GlobalSection(ExtensibilityGlobals) = postSolution
		SolutionGuid = {0242199B-A248-4266-AD69-19699AB4D42B}
	EndGlobalSection
EndGlobal
