
Microsoft Visual Studio Solution File, Format Version 12.00
# Visual Studio Version 17
VisualStudioVersion = 17.7.34024.191
MinimumVisualStudioVersion = 10.0.40219.1
Project("{FAE04EC0-301F-11D3-BF4B-00C04F79EFBC}") = "Ex5", "Ex5\Ex5.csproj", "{878B36D0-0D74-4CED-BCC5-05BD75CBB5D0}"
EndProject
Global
	GlobalSection(SolutionConfigurationPlatforms) = preSolution
		Debug|Any CPU = Debug|Any CPU
		Release|Any CPU = Release|Any CPU
	EndGlobalSection
	GlobalSection(ProjectConfigurationPlatforms) = postSolution
		{878B36D0-0D74-4CED-BCC5-05BD75CBB5D0}.Debug|Any CPU.ActiveCfg = Debug|Any CPU
		{878B36D0-0D74-4CED-BCC5-05BD75CBB5D0}.Debug|Any CPU.Build.0 = Debug|Any CPU
		{878B36D0-0D74-4CED-BCC5-05BD75CBB5D0}.Release|Any CPU.ActiveCfg = Release|Any CPU
		{878B36D0-0D74-4CED-BCC5-05BD75CBB5D0}.Release|Any CPU.Build.0 = Release|Any CPU
	EndGlobalSection
	GlobalSection(SolutionProperties) = preSolution
		HideSolutionNode = FALSE
	EndGlobalSection
	GlobalSection(ExtensibilityGlobals) = postSolution
		SolutionGuid = {37352FF2-584F-4B91-8F83-8B2F6092A4D3}
	EndGlobalSection
EndGlobal
