
Microsoft Visual Studio Solution File, Format Version 12.00
# Visual Studio Version 17
VisualStudioVersion = 17.10.35013.160
MinimumVisualStudioVersion = 10.0.40219.1
Project("{FAE04EC0-301F-11D3-BF4B-00C04F79EFBC}") = "ExMetodosAbstratos", "ExMetodosAbstratos\ExMetodosAbstratos.csproj", "{7DF0A680-31AD-4417-AADD-440AEBE0C21A}"
EndProject
Global
	GlobalSection(SolutionConfigurationPlatforms) = preSolution
		Debug|Any CPU = Debug|Any CPU
		Release|Any CPU = Release|Any CPU
	EndGlobalSection
	GlobalSection(ProjectConfigurationPlatforms) = postSolution
		{7DF0A680-31AD-4417-AADD-440AEBE0C21A}.Debug|Any CPU.ActiveCfg = Debug|Any CPU
		{7DF0A680-31AD-4417-AADD-440AEBE0C21A}.Debug|Any CPU.Build.0 = Debug|Any CPU
		{7DF0A680-31AD-4417-AADD-440AEBE0C21A}.Release|Any CPU.ActiveCfg = Release|Any CPU
		{7DF0A680-31AD-4417-AADD-440AEBE0C21A}.Release|Any CPU.Build.0 = Release|Any CPU
	EndGlobalSection
	GlobalSection(SolutionProperties) = preSolution
		HideSolutionNode = FALSE
	EndGlobalSection
	GlobalSection(ExtensibilityGlobals) = postSolution
		SolutionGuid = {83DE9FBE-8EA8-46F3-89D8-C995C57B4637}
	EndGlobalSection
EndGlobal
